
Microsoft Visual Studio Solution File, Format Version 12.00
# Visual Studio Version 17
VisualStudioVersion = 17.3.32825.248
MinimumVisualStudioVersion = 10.0.40219.1
Project("{9A19103F-16F7-4668-BE54-9A1E7A4F7556}") = "EnergoStatApi", "EnergoStatApi\EnergoStatApi.csproj", "{252B7E1B-519D-4131-84B3-C7759E836973}"
EndProject
Project("{9A19103F-16F7-4668-BE54-9A1E7A4F7556}") = "HandleApi", "HandleApi\HandleApi.csproj", "{5C038789-35E2-4383-966B-CE95CEA30E25}"
EndProject
Project("{FAE04EC0-301F-11D3-BF4B-00C04F79EFBC}") = "SelfHost", "SelfHost\SelfHost.csproj", "{941C9DFE-E0EB-41A1-9F25-B60F495533BF}"
EndProject
Global
	GlobalSection(SolutionConfigurationPlatforms) = preSolution
		Debug|Any CPU = Debug|Any CPU
		Release|Any CPU = Release|Any CPU
	EndGlobalSection
	GlobalSection(ProjectConfigurationPlatforms) = postSolution
		{252B7E1B-519D-4131-84B3-C7759E836973}.Debug|Any CPU.ActiveCfg = Debug|Any CPU
		{252B7E1B-519D-4131-84B3-C7759E836973}.Debug|Any CPU.Build.0 = Debug|Any CPU
		{252B7E1B-519D-4131-84B3-C7759E836973}.Release|Any CPU.ActiveCfg = Release|Any CPU
		{252B7E1B-519D-4131-84B3-C7759E836973}.Release|Any CPU.Build.0 = Release|Any CPU
		{5C038789-35E2-4383-966B-CE95CEA30E25}.Debug|Any CPU.ActiveCfg = Debug|Any CPU
		{5C038789-35E2-4383-966B-CE95CEA30E25}.Debug|Any CPU.Build.0 = Debug|Any CPU
		{5C038789-35E2-4383-966B-CE95CEA30E25}.Release|Any CPU.ActiveCfg = Release|Any CPU
		{5C038789-35E2-4383-966B-CE95CEA30E25}.Release|Any CPU.Build.0 = Release|Any CPU
		{941C9DFE-E0EB-41A1-9F25-B60F495533BF}.Debug|Any CPU.ActiveCfg = Debug|Any CPU
		{941C9DFE-E0EB-41A1-9F25-B60F495533BF}.Debug|Any CPU.Build.0 = Debug|Any CPU
		{941C9DFE-E0EB-41A1-9F25-B60F495533BF}.Release|Any CPU.ActiveCfg = Release|Any CPU
		{941C9DFE-E0EB-41A1-9F25-B60F495533BF}.Release|Any CPU.Build.0 = Release|Any CPU
	EndGlobalSection
	GlobalSection(SolutionProperties) = preSolution
		HideSolutionNode = FALSE
	EndGlobalSection
	GlobalSection(ExtensibilityGlobals) = postSolution
		SolutionGuid = {F92DF6FE-BBE5-45D0-B3C0-1748928E8529}
	EndGlobalSection
EndGlobal
